
Microsoft Visual Studio Solution File, Format Version 12.00
# Visual Studio Version 17
VisualStudioVersion = 17.9.34723.18
MinimumVisualStudioVersion = 10.0.40219.1
Project("{8BC9CEB8-8B4A-11D0-8D11-00A0C91BC942}") = "VectorLibrary", "VectorLibrary.vcxproj", "{A24F8A97-2369-46FE-A518-DBDEC3B87788}"
EndProject
Global
	GlobalSection(SolutionConfigurationPlatforms) = preSolution
		Debug|x64 = Debug|x64
		Debug|x86 = Debug|x86
		Release|x64 = Release|x64
		Release|x86 = Release|x86
	EndGlobalSection
	GlobalSection(ProjectConfigurationPlatforms) = postSolution
		{A24F8A97-2369-46FE-A518-DBDEC3B87788}.Debug|x64.ActiveCfg = Debug|x64
		{A24F8A97-2369-46FE-A518-DBDEC3B87788}.Debug|x64.Build.0 = Debug|x64
		{A24F8A97-2369-46FE-A518-DBDEC3B87788}.Debug|x86.ActiveCfg = Debug|Win32
		{A24F8A97-2369-46FE-A518-DBDEC3B87788}.Debug|x86.Build.0 = Debug|Win32
		{A24F8A97-2369-46FE-A518-DBDEC3B87788}.Release|x64.ActiveCfg = Release|x64
		{A24F8A97-2369-46FE-A518-DBDEC3B87788}.Release|x64.Build.0 = Release|x64
		{A24F8A97-2369-46FE-A518-DBDEC3B87788}.Release|x86.ActiveCfg = Release|Win32
		{A24F8A97-2369-46FE-A518-DBDEC3B87788}.Release|x86.Build.0 = Release|Win32
	EndGlobalSection
	GlobalSection(SolutionProperties) = preSolution
		HideSolutionNode = FALSE
	EndGlobalSection
	GlobalSection(ExtensibilityGlobals) = postSolution
		SolutionGuid = {D39D4D5E-FBBF-468C-9857-2FD7AEC86D3B}
	EndGlobalSection
EndGlobal
